
Microsoft Visual Studio Solution File, Format Version 12.00
# Visual Studio Express 2013 for Windows Desktop
VisualStudioVersion = 12.0.31101.0
MinimumVisualStudioVersion = 10.0.40219.1
Project("{8BC9CEB8-8B4A-11D0-8D11-00A0C91BC942}") = "test", "test\test.vcxproj", "{765262B2-39B2-4EC7-B9BB-3308188B70B1}"
EndProject
Project("{8BC9CEB8-8B4A-11D0-8D11-00A0C91BC942}") = "translator", "translator\translator.vcxproj", "{C4146087-CD7C-479D-BB7F-9ABD3E1179C4}"
EndProject
Global
	GlobalSection(SolutionConfigurationPlatforms) = preSolution
		Debug|Win32 = Debug|Win32
		Release|Win32 = Release|Win32
	EndGlobalSection
	GlobalSection(ProjectConfigurationPlatforms) = postSolution
		{765262B2-39B2-4EC7-B9BB-3308188B70B1}.Debug|Win32.ActiveCfg = Debug|Win32
		{765262B2-39B2-4EC7-B9BB-3308188B70B1}.Debug|Win32.Build.0 = Debug|Win32
		{765262B2-39B2-4EC7-B9BB-3308188B70B1}.Release|Win32.ActiveCfg = Release|Win32
		{765262B2-39B2-4EC7-B9BB-3308188B70B1}.Release|Win32.Build.0 = Release|Win32
		{C4146087-CD7C-479D-BB7F-9ABD3E1179C4}.Debug|Win32.ActiveCfg = Debug|Win32
		{C4146087-CD7C-479D-BB7F-9ABD3E1179C4}.Debug|Win32.Build.0 = Debug|Win32
		{C4146087-CD7C-479D-BB7F-9ABD3E1179C4}.Release|Win32.ActiveCfg = Release|Win32
		{C4146087-CD7C-479D-BB7F-9ABD3E1179C4}.Release|Win32.Build.0 = Release|Win32
	EndGlobalSection
	GlobalSection(SolutionProperties) = preSolution
		HideSolutionNode = FALSE
	EndGlobalSection
EndGlobal
