
Microsoft Visual Studio Solution File, Format Version 12.00
# Visual Studio Express 2013 for Windows Desktop
VisualStudioVersion = 12.0.30723.0
MinimumVisualStudioVersion = 10.0.40219.1
Project("{8BC9CEB8-8B4A-11D0-8D11-00A0C91BC942}") = "lw2_1", "lw2_1\lw2_1.vcxproj", "{00CAB392-35A4-4AD1-96B7-9FDF9E0BF47E}"
EndProject
Project("{8BC9CEB8-8B4A-11D0-8D11-00A0C91BC942}") = "lw2_2", "lw2_2\lw2_2.vcxproj", "{9CF688AC-6245-4473-9611-FC6445C93A2E}"
EndProject
Project("{8BC9CEB8-8B4A-11D0-8D11-00A0C91BC942}") = "lw2_3", "lw2_3\lw2_3.vcxproj", "{C3399AD1-032E-4C57-9020-63F71FE8B30D}"
EndProject
Project("{8BC9CEB8-8B4A-11D0-8D11-00A0C91BC942}") = "lw2_4", "lw2_4\lw2_4.vcxproj", "{084603AF-9149-47C0-BA39-564EA690517B}"
EndProject
Project("{8BC9CEB8-8B4A-11D0-8D11-00A0C91BC942}") = "lw2_5", "lw2_5\lw2_5.vcxproj", "{D8F60432-6CC8-4806-B05A-FF67DB38A703}"
EndProject
Project("{8BC9CEB8-8B4A-11D0-8D11-00A0C91BC942}") = "lw2_6", "lw2_6\lw2_6.vcxproj", "{5563AC64-FE5C-43BE-B375-A5041B097FE1}"
EndProject
Global
	GlobalSection(SolutionConfigurationPlatforms) = preSolution
		Debug|Win32 = Debug|Win32
		Release|Win32 = Release|Win32
	EndGlobalSection
	GlobalSection(ProjectConfigurationPlatforms) = postSolution
		{00CAB392-35A4-4AD1-96B7-9FDF9E0BF47E}.Debug|Win32.ActiveCfg = Debug|Win32
		{00CAB392-35A4-4AD1-96B7-9FDF9E0BF47E}.Debug|Win32.Build.0 = Debug|Win32
		{00CAB392-35A4-4AD1-96B7-9FDF9E0BF47E}.Release|Win32.ActiveCfg = Release|Win32
		{00CAB392-35A4-4AD1-96B7-9FDF9E0BF47E}.Release|Win32.Build.0 = Release|Win32
		{9CF688AC-6245-4473-9611-FC6445C93A2E}.Debug|Win32.ActiveCfg = Debug|Win32
		{9CF688AC-6245-4473-9611-FC6445C93A2E}.Debug|Win32.Build.0 = Debug|Win32
		{9CF688AC-6245-4473-9611-FC6445C93A2E}.Release|Win32.ActiveCfg = Release|Win32
		{9CF688AC-6245-4473-9611-FC6445C93A2E}.Release|Win32.Build.0 = Release|Win32
		{C3399AD1-032E-4C57-9020-63F71FE8B30D}.Debug|Win32.ActiveCfg = Debug|Win32
		{C3399AD1-032E-4C57-9020-63F71FE8B30D}.Debug|Win32.Build.0 = Debug|Win32
		{C3399AD1-032E-4C57-9020-63F71FE8B30D}.Release|Win32.ActiveCfg = Release|Win32
		{C3399AD1-032E-4C57-9020-63F71FE8B30D}.Release|Win32.Build.0 = Release|Win32
		{084603AF-9149-47C0-BA39-564EA690517B}.Debug|Win32.ActiveCfg = Debug|Win32
		{084603AF-9149-47C0-BA39-564EA690517B}.Debug|Win32.Build.0 = Debug|Win32
		{084603AF-9149-47C0-BA39-564EA690517B}.Release|Win32.ActiveCfg = Release|Win32
		{084603AF-9149-47C0-BA39-564EA690517B}.Release|Win32.Build.0 = Release|Win32
		{D8F60432-6CC8-4806-B05A-FF67DB38A703}.Debug|Win32.ActiveCfg = Debug|Win32
		{D8F60432-6CC8-4806-B05A-FF67DB38A703}.Debug|Win32.Build.0 = Debug|Win32
		{D8F60432-6CC8-4806-B05A-FF67DB38A703}.Release|Win32.ActiveCfg = Release|Win32
		{D8F60432-6CC8-4806-B05A-FF67DB38A703}.Release|Win32.Build.0 = Release|Win32
		{5563AC64-FE5C-43BE-B375-A5041B097FE1}.Debug|Win32.ActiveCfg = Debug|Win32
		{5563AC64-FE5C-43BE-B375-A5041B097FE1}.Debug|Win32.Build.0 = Debug|Win32
		{5563AC64-FE5C-43BE-B375-A5041B097FE1}.Release|Win32.ActiveCfg = Release|Win32
		{5563AC64-FE5C-43BE-B375-A5041B097FE1}.Release|Win32.Build.0 = Release|Win32
	EndGlobalSection
	GlobalSection(SolutionProperties) = preSolution
		HideSolutionNode = FALSE
	EndGlobalSection
EndGlobal
