<?xml version="1.0" encoding="utf-8"?>
<Project ToolsVersion="4.0" xmlns="http://schemas.microsoft.com/developer/msbuild/2003">
  <ItemGroup>
    <Filter Include="System Files">
      <UniqueIdentifier>{2edb28ba-eb87-4175-9ae5-f7988bae2a24}</UniqueIdentifier>
    </Filter>
  </ItemGroup>
  <ItemGroup>
    <ClInclude Include="targetver.h">
      <Filter>System Files</Filter>
    </ClInclude>
    <ClInclude Include="stdafx.h">
      <Filter>System Files</Filter>
    </ClInclude>
    <ClInclude Include="JPSPathFinder.h" />
  </ItemGroup>
  <ItemGroup>
    <ClCompile Include="stdafx.cpp">
      <Filter>System Files</Filter>
    </ClCompile>
    <ClCompile Include="jumpSearchPoint.cpp" />
  </ItemGroup>
</Project>